// !$*UTF8*$!
{
	archiveVersion = 1;
	classes = {
	};
	objectVersion = 46;
	objects = {

/* Begin PBXBuildFile section */
		2E3808DE5FFF1BE219F265E7 /* libPods-FrameConstruction.a in Frameworks */ = {isa = PBXBuildFile; fileRef = DF7CB8C651A0FCC9069214B0 /* libPods-FrameConstruction.a */; };
		A513E7581F540D1100FD79A7 /* AppDelegate+Setting.m in Sources */ = {isa = PBXBuildFile; fileRef = A513E7571F540D1100FD79A7 /* AppDelegate+Setting.m */; };
		A57D98681F53BDC5003A9F22 /* main.m in Sources */ = {isa = PBXBuildFile; fileRef = A57D98671F53BDC5003A9F22 /* main.m */; };
		A57D986B1F53BDC5003A9F22 /* AppDelegate.m in Sources */ = {isa = PBXBuildFile; fileRef = A57D986A1F53BDC5003A9F22 /* AppDelegate.m */; };
		A57D98711F53BDC5003A9F22 /* Main.storyboard in Resources */ = {isa = PBXBuildFile; fileRef = A57D986F1F53BDC5003A9F22 /* Main.storyboard */; };
		A57D98731F53BDC5003A9F22 /* Assets.xcassets in Resources */ = {isa = PBXBuildFile; fileRef = A57D98721F53BDC5003A9F22 /* Assets.xcassets */; };
		A57D98761F53BDC5003A9F22 /* LaunchScreen.storyboard in Resources */ = {isa = PBXBuildFile; fileRef = A57D98741F53BDC5003A9F22 /* LaunchScreen.storyboard */; };
		A57D98811F53BDC5003A9F22 /* FrameConstructionTests.m in Sources */ = {isa = PBXBuildFile; fileRef = A57D98801F53BDC5003A9F22 /* FrameConstructionTests.m */; };
		A57D988C1F53BDC5003A9F22 /* FrameConstructionUITests.m in Sources */ = {isa = PBXBuildFile; fileRef = A57D988B1F53BDC5003A9F22 /* FrameConstructionUITests.m */; };
		A589E4711F53E5E500C9D04C /* MainTabbarViewController.m in Sources */ = {isa = PBXBuildFile; fileRef = A589E4701F53E5E500C9D04C /* MainTabbarViewController.m */; };
		A589E4781F53E91100C9D04C /* scan_1@2x.png in Resources */ = {isa = PBXBuildFile; fileRef = A589E4721F53E91100C9D04C /* scan_1@2x.png */; };
		A589E4791F53E91100C9D04C /* scan_1@3x.png in Resources */ = {isa = PBXBuildFile; fileRef = A589E4731F53E91100C9D04C /* scan_1@3x.png */; };
		A589E47A1F53E91100C9D04C /* scan@2x.png in Resources */ = {isa = PBXBuildFile; fileRef = A589E4741F53E91100C9D04C /* scan@2x.png */; };
		A589E47B1F53E91100C9D04C /* scan@3x.png in Resources */ = {isa = PBXBuildFile; fileRef = A589E4751F53E91100C9D04C /* scan@3x.png */; };
		A589E47C1F53E91100C9D04C /* ZHScanView.m in Sources */ = {isa = PBXBuildFile; fileRef = A589E4771F53E91100C9D04C /* ZHScanView.m */; };
		A589E47F1F53EC3800C9D04C /* BasicViewController.m in Sources */ = {isa = PBXBuildFile; fileRef = A589E47E1F53EC3800C9D04C /* BasicViewController.m */; };
		A589E4821F53F14700C9D04C /* ScanViewController.m in Sources */ = {isa = PBXBuildFile; fileRef = A589E4811F53F14700C9D04C /* ScanViewController.m */; };
		A5F2EB331F53F3B800E534E4 /* HomepageViewController.m in Sources */ = {isa = PBXBuildFile; fileRef = A5F2EB321F53F3B800E534E4 /* HomepageViewController.m */; };
		A5F2EB361F53F3C100E534E4 /* MineViewController.m in Sources */ = {isa = PBXBuildFile; fileRef = A5F2EB351F53F3C100E534E4 /* MineViewController.m */; };
/* End PBXBuildFile section */

/* Begin PBXContainerItemProxy section */
		A57D987D1F53BDC5003A9F22 /* PBXContainerItemProxy */ = {
			isa = PBXContainerItemProxy;
			containerPortal = A57D985B1F53BDC5003A9F22 /* Project object */;
			proxyType = 1;
			remoteGlobalIDString = A57D98621F53BDC5003A9F22;
			remoteInfo = FrameConstruction;
		};
		A57D98881F53BDC5003A9F22 /* PBXContainerItemProxy */ = {
			isa = PBXContainerItemProxy;
			containerPortal = A57D985B1F53BDC5003A9F22 /* Project object */;
			proxyType = 1;
			remoteGlobalIDString = A57D98621F53BDC5003A9F22;
			remoteInfo = FrameConstruction;
		};
/* End PBXContainerItemProxy section */

/* Begin PBXFileReference section */
		A513E7561F540D1100FD79A7 /* AppDelegate+Setting.h */ = {isa = PBXFileReference; fileEncoding = 4; lastKnownFileType = sourcecode.c.h; path = "AppDelegate+Setting.h"; sourceTree = "<group>"; };
		A513E7571F540D1100FD79A7 /* AppDelegate+Setting.m */ = {isa = PBXFileReference; fileEncoding = 4; lastKnownFileType = sourcecode.c.objc; path = "AppDelegate+Setting.m"; sourceTree = "<group>"; };
		A57D98631F53BDC5003A9F22 /* FrameConstruction.app */ = {isa = PBXFileReference; explicitFileType = wrapper.application; includeInIndex = 0; path = FrameConstruction.app; sourceTree = BUILT_PRODUCTS_DIR; };
		A57D98671F53BDC5003A9F22 /* main.m */ = {isa = PBXFileReference; lastKnownFileType = sourcecode.c.objc; path = main.m; sourceTree = "<group>"; };
		A57D98691F53BDC5003A9F22 /* AppDelegate.h */ = {isa = PBXFileReference; lastKnownFileType = sourcecode.c.h; path = AppDelegate.h; sourceTree = "<group>"; };
		A57D986A1F53BDC5003A9F22 /* AppDelegate.m */ = {isa = PBXFileReference; lastKnownFileType = sourcecode.c.objc; path = AppDelegate.m; sourceTree = "<group>"; };
		A57D98701F53BDC5003A9F22 /* Base */ = {isa = PBXFileReference; lastKnownFileType = file.storyboard; name = Base; path = Base.lproj/Main.storyboard; sourceTree = "<group>"; };
		A57D98721F53BDC5003A9F22 /* Assets.xcassets */ = {isa = PBXFileReference; lastKnownFileType = folder.assetcatalog; path = Assets.xcassets; sourceTree = "<group>"; };
		A57D98751F53BDC5003A9F22 /* Base */ = {isa = PBXFileReference; lastKnownFileType = file.storyboard; name = Base; path = Base.lproj/LaunchScreen.storyboard; sourceTree = "<group>"; };
		A57D98771F53BDC5003A9F22 /* Info.plist */ = {isa = PBXFileReference; lastKnownFileType = text.plist.xml; path = Info.plist; sourceTree = "<group>"; };
		A57D987C1F53BDC5003A9F22 /* FrameConstructionTests.xctest */ = {isa = PBXFileReference; explicitFileType = wrapper.cfbundle; includeInIndex = 0; path = FrameConstructionTests.xctest; sourceTree = BUILT_PRODUCTS_DIR; };
		A57D98801F53BDC5003A9F22 /* FrameConstructionTests.m */ = {isa = PBXFileReference; lastKnownFileType = sourcecode.c.objc; path = FrameConstructionTests.m; sourceTree = "<group>"; };
		A57D98821F53BDC5003A9F22 /* Info.plist */ = {isa = PBXFileReference; lastKnownFileType = text.plist.xml; path = Info.plist; sourceTree = "<group>"; };
		A57D98871F53BDC5003A9F22 /* FrameConstructionUITests.xctest */ = {isa = PBXFileReference; explicitFileType = wrapper.cfbundle; includeInIndex = 0; path = FrameConstructionUITests.xctest; sourceTree = BUILT_PRODUCTS_DIR; };
		A57D988B1F53BDC5003A9F22 /* FrameConstructionUITests.m */ = {isa = PBXFileReference; lastKnownFileType = sourcecode.c.objc; path = FrameConstructionUITests.m; sourceTree = "<group>"; };
		A57D988D1F53BDC5003A9F22 /* Info.plist */ = {isa = PBXFileReference; lastKnownFileType = text.plist.xml; path = Info.plist; sourceTree = "<group>"; };
		A589E46F1F53E5E500C9D04C /* MainTabbarViewController.h */ = {isa = PBXFileReference; fileEncoding = 4; lastKnownFileType = sourcecode.c.h; path = MainTabbarViewController.h; sourceTree = "<group>"; };
		A589E4701F53E5E500C9D04C /* MainTabbarViewController.m */ = {isa = PBXFileReference; fileEncoding = 4; lastKnownFileType = sourcecode.c.objc; path = MainTabbarViewController.m; sourceTree = "<group>"; };
		A589E4721F53E91100C9D04C /* scan_1@2x.png */ = {isa = PBXFileReference; lastKnownFileType = image.png; path = "scan_1@2x.png"; sourceTree = "<group>"; };
		A589E4731F53E91100C9D04C /* scan_1@3x.png */ = {isa = PBXFileReference; lastKnownFileType = image.png; path = "scan_1@3x.png"; sourceTree = "<group>"; };
		A589E4741F53E91100C9D04C /* scan@2x.png */ = {isa = PBXFileReference; lastKnownFileType = image.png; path = "scan@2x.png"; sourceTree = "<group>"; };
		A589E4751F53E91100C9D04C /* scan@3x.png */ = {isa = PBXFileReference; lastKnownFileType = image.png; path = "scan@3x.png"; sourceTree = "<group>"; };
		A589E4761F53E91100C9D04C /* ZHScanView.h */ = {isa = PBXFileReference; fileEncoding = 4; lastKnownFileType = sourcecode.c.h; path = ZHScanView.h; sourceTree = "<group>"; };
		A589E4771F53E91100C9D04C /* ZHScanView.m */ = {isa = PBXFileReference; fileEncoding = 4; lastKnownFileType = sourcecode.c.objc; path = ZHScanView.m; sourceTree = "<group>"; };
		A589E47D1F53EC3800C9D04C /* BasicViewController.h */ = {isa = PBXFileReference; fileEncoding = 4; lastKnownFileType = sourcecode.c.h; path = BasicViewController.h; sourceTree = "<group>"; };
		A589E47E1F53EC3800C9D04C /* BasicViewController.m */ = {isa = PBXFileReference; fileEncoding = 4; lastKnownFileType = sourcecode.c.objc; path = BasicViewController.m; sourceTree = "<group>"; };
		A589E4801F53F14700C9D04C /* ScanViewController.h */ = {isa = PBXFileReference; fileEncoding = 4; lastKnownFileType = sourcecode.c.h; path = ScanViewController.h; sourceTree = "<group>"; };
		A589E4811F53F14700C9D04C /* ScanViewController.m */ = {isa = PBXFileReference; fileEncoding = 4; lastKnownFileType = sourcecode.c.objc; path = ScanViewController.m; sourceTree = "<group>"; };
		A5F2EB311F53F3B800E534E4 /* HomepageViewController.h */ = {isa = PBXFileReference; fileEncoding = 4; lastKnownFileType = sourcecode.c.h; path = HomepageViewController.h; sourceTree = "<group>"; };
		A5F2EB321F53F3B800E534E4 /* HomepageViewController.m */ = {isa = PBXFileReference; fileEncoding = 4; lastKnownFileType = sourcecode.c.objc; path = HomepageViewController.m; sourceTree = "<group>"; };
		A5F2EB341F53F3C100E534E4 /* MineViewController.h */ = {isa = PBXFileReference; fileEncoding = 4; lastKnownFileType = sourcecode.c.h; path = MineViewController.h; sourceTree = "<group>"; };
		A5F2EB351F53F3C100E534E4 /* MineViewController.m */ = {isa = PBXFileReference; fileEncoding = 4; lastKnownFileType = sourcecode.c.objc; path = MineViewController.m; sourceTree = "<group>"; };
		DF7CB8C651A0FCC9069214B0 /* libPods-FrameConstruction.a */ = {isa = PBXFileReference; explicitFileType = archive.ar; includeInIndex = 0; path = "libPods-FrameConstruction.a"; sourceTree = BUILT_PRODUCTS_DIR; };
		E5FE1CC4298DA285D86E19A1 /* Pods-FrameConstruction.debug.xcconfig */ = {isa = PBXFileReference; includeInIndex = 1; lastKnownFileType = text.xcconfig; name = "Pods-FrameConstruction.debug.xcconfig"; path = "Pods/Target Support Files/Pods-FrameConstruction/Pods-FrameConstruction.debug.xcconfig"; sourceTree = "<group>"; };
		F65FBF5C9C7D9C80A65BB87D /* Pods-FrameConstruction.release.xcconfig */ = {isa = PBXFileReference; includeInIndex = 1; lastKnownFileType = text.xcconfig; name = "Pods-FrameConstruction.release.xcconfig"; path = "Pods/Target Support Files/Pods-FrameConstruction/Pods-FrameConstruction.release.xcconfig"; sourceTree = "<group>"; };
/* End PBXFileReference section */

/* Begin PBXFrameworksBuildPhase section */
		A57D98601F53BDC5003A9F22 /* Frameworks */ = {
			isa = PBXFrameworksBuildPhase;
			buildActionMask = 2147483647;
			files = (
				2E3808DE5FFF1BE219F265E7 /* libPods-FrameConstruction.a in Frameworks */,
			);
			runOnlyForDeploymentPostprocessing = 0;
		};
		A57D98791F53BDC5003A9F22 /* Frameworks */ = {
			isa = PBXFrameworksBuildPhase;
			buildActionMask = 2147483647;
			files = (
			);
			runOnlyForDeploymentPostprocessing = 0;
		};
		A57D98841F53BDC5003A9F22 /* Frameworks */ = {
			isa = PBXFrameworksBuildPhase;
			buildActionMask = 2147483647;
			files = (
			);
			runOnlyForDeploymentPostprocessing = 0;
		};
/* End PBXFrameworksBuildPhase section */

/* Begin PBXGroup section */
		76CE0A9C976C070EB2F29E27 /* Pods */ = {
			isa = PBXGroup;
			children = (
				E5FE1CC4298DA285D86E19A1 /* Pods-FrameConstruction.debug.xcconfig */,
				F65FBF5C9C7D9C80A65BB87D /* Pods-FrameConstruction.release.xcconfig */,
			);
			name = Pods;
			sourceTree = "<group>";
		};
		9DAAACE56526139F32826F04 /* Frameworks */ = {
			isa = PBXGroup;
			children = (
				DF7CB8C651A0FCC9069214B0 /* libPods-FrameConstruction.a */,
			);
			name = Frameworks;
			sourceTree = "<group>";
		};
		A513E7591F5412B000FD79A7 /* TabbarControllers */ = {
			isa = PBXGroup;
			children = (
				A589E46F1F53E5E500C9D04C /* MainTabbarViewController.h */,
				A589E4701F53E5E500C9D04C /* MainTabbarViewController.m */,
			);
			name = TabbarControllers;
			sourceTree = "<group>";
		};
		A57D985A1F53BDC5003A9F22 = {
			isa = PBXGroup;
			children = (
				A57D98651F53BDC5003A9F22 /* FrameConstruction */,
				A57D987F1F53BDC5003A9F22 /* FrameConstructionTests */,
				A57D988A1F53BDC5003A9F22 /* FrameConstructionUITests */,
				A57D98641F53BDC5003A9F22 /* Products */,
				76CE0A9C976C070EB2F29E27 /* Pods */,
				9DAAACE56526139F32826F04 /* Frameworks */,
			);
			sourceTree = "<group>";
		};
		A57D98641F53BDC5003A9F22 /* Products */ = {
			isa = PBXGroup;
			children = (
				A57D98631F53BDC5003A9F22 /* FrameConstruction.app */,
				A57D987C1F53BDC5003A9F22 /* FrameConstructionTests.xctest */,
				A57D98871F53BDC5003A9F22 /* FrameConstructionUITests.xctest */,
			);
			name = Products;
			sourceTree = "<group>";
		};
		A57D98651F53BDC5003A9F22 /* FrameConstruction */ = {
			isa = PBXGroup;
			children = (
				A513E7591F5412B000FD79A7 /* TabbarControllers */,
				A589E4721F53E91100C9D04C /* scan_1@2x.png */,
				A589E4731F53E91100C9D04C /* scan_1@3x.png */,
				A589E4741F53E91100C9D04C /* scan@2x.png */,
				A589E4751F53E91100C9D04C /* scan@3x.png */,
				A589E4761F53E91100C9D04C /* ZHScanView.h */,
				A589E4771F53E91100C9D04C /* ZHScanView.m */,
				A57D98691F53BDC5003A9F22 /* AppDelegate.h */,
				A57D986A1F53BDC5003A9F22 /* AppDelegate.m */,
				A513E7561F540D1100FD79A7 /* AppDelegate+Setting.h */,
				A513E7571F540D1100FD79A7 /* AppDelegate+Setting.m */,
				A589E47D1F53EC3800C9D04C /* BasicViewController.h */,
				A589E47E1F53EC3800C9D04C /* BasicViewController.m */,
				A5F2EB311F53F3B800E534E4 /* HomepageViewController.h */,
				A5F2EB321F53F3B800E534E4 /* HomepageViewController.m */,
				A5F2EB341F53F3C100E534E4 /* MineViewController.h */,
				A5F2EB351F53F3C100E534E4 /* MineViewController.m */,
				A589E4801F53F14700C9D04C /* ScanViewController.h */,
				A589E4811F53F14700C9D04C /* ScanViewController.m */,
				A57D986F1F53BDC5003A9F22 /* Main.storyboard */,
				A57D98721F53BDC5003A9F22 /* Assets.xcassets */,
				A57D98741F53BDC5003A9F22 /* LaunchScreen.storyboard */,
				A57D98771F53BDC5003A9F22 /* Info.plist */,
				A57D98661F53BDC5003A9F22 /* Supporting Files */,
			);
			path = FrameConstruction;
			sourceTree = "<group>";
		};
		A57D98661F53BDC5003A9F22 /* Supporting Files */ = {
			isa = PBXGroup;
			children = (
				A57D98671F53BDC5003A9F22 /* main.m */,
			);
			name = "Supporting Files";
			sourceTree = "<group>";
		};
		A57D987F1F53BDC5003A9F22 /* FrameConstructionTests */ = {
			isa = PBXGroup;
			children = (
				A57D98801F53BDC5003A9F22 /* FrameConstructionTests.m */,
				A57D98821F53BDC5003A9F22 /* Info.plist */,
			);
			path = FrameConstructionTests;
			sourceTree = "<group>";
		};
		A57D988A1F53BDC5003A9F22 /* FrameConstructionUITests */ = {
			isa = PBXGroup;
			children = (
				A57D988B1F53BDC5003A9F22 /* FrameConstructionUITests.m */,
				A57D988D1F53BDC5003A9F22 /* Info.plist */,
			);
			path = FrameConstructionUITests;
			sourceTree = "<group>";
		};
/* End PBXGroup section */

/* Begin PBXNativeTarget section */
		A57D98621F53BDC5003A9F22 /* FrameConstruction */ = {
			isa = PBXNativeTarget;
			buildConfigurationList = A57D98901F53BDC5003A9F22 /* Build configuration list for PBXNativeTarget "FrameConstruction" */;
			buildPhases = (
				5E3901EB79B2D5D6A95C07A8 /* [CP] Check Pods Manifest.lock */,
				A57D985F1F53BDC5003A9F22 /* Sources */,
				A57D98601F53BDC5003A9F22 /* Frameworks */,
				A57D98611F53BDC5003A9F22 /* Resources */,
				F24001E338C7A4B9D775A1FB /* [CP] Embed Pods Frameworks */,
				C8AF861BC264DBC5E5D86FF3 /* [CP] Copy Pods Resources */,
			);
			buildRules = (
			);
			dependencies = (
			);
			name = FrameConstruction;
			productName = FrameConstruction;
			productReference = A57D98631F53BDC5003A9F22 /* FrameConstruction.app */;
			productType = "com.apple.product-type.application";
		};
		A57D987B1F53BDC5003A9F22 /* FrameConstructionTests */ = {
			isa = PBXNativeTarget;
			buildConfigurationList = A57D98931F53BDC5003A9F22 /* Build configuration list for PBXNativeTarget "FrameConstructionTests" */;
			buildPhases = (
				A57D98781F53BDC5003A9F22 /* Sources */,
				A57D98791F53BDC5003A9F22 /* Frameworks */,
				A57D987A1F53BDC5003A9F22 /* Resources */,
			);
			buildRules = (
			);
			dependencies = (
				A57D987E1F53BDC5003A9F22 /* PBXTargetDependency */,
			);
			name = FrameConstructionTests;
			productName = FrameConstructionTests;
			productReference = A57D987C1F53BDC5003A9F22 /* FrameConstructionTests.xctest */;
			productType = "com.apple.product-type.bundle.unit-test";
		};
		A57D98861F53BDC5003A9F22 /* FrameConstructionUITests */ = {
			isa = PBXNativeTarget;
			buildConfigurationList = A57D98961F53BDC5003A9F22 /* Build configuration list for PBXNativeTarget "FrameConstructionUITests" */;
			buildPhases = (
				A57D98831F53BDC5003A9F22 /* Sources */,
				A57D98841F53BDC5003A9F22 /* Frameworks */,
				A57D98851F53BDC5003A9F22 /* Resources */,
			);
			buildRules = (
			);
			dependencies = (
				A57D98891F53BDC5003A9F22 /* PBXTargetDependency */,
			);
			name = FrameConstructionUITests;
			productName = FrameConstructionUITests;
			productReference = A57D98871F53BDC5003A9F22 /* FrameConstructionUITests.xctest */;
			productType = "com.apple.product-type.bundle.ui-testing";
		};
/* End PBXNativeTarget section */

/* Begin PBXProject section */
		A57D985B1F53BDC5003A9F22 /* Project object */ = {
			isa = PBXProject;
			attributes = {
				LastUpgradeCheck = 0830;
				ORGANIZATIONNAME = BillBo;
				TargetAttributes = {
					A57D98621F53BDC5003A9F22 = {
						CreatedOnToolsVersion = 8.3.3;
						DevelopmentTeam = F8GY9XXT4N;
						ProvisioningStyle = Automatic;
					};
					A57D987B1F53BDC5003A9F22 = {
						CreatedOnToolsVersion = 8.3.3;
						DevelopmentTeam = F8GY9XXT4N;
						ProvisioningStyle = Automatic;
						TestTargetID = A57D98621F53BDC5003A9F22;
					};
					A57D98861F53BDC5003A9F22 = {
						CreatedOnToolsVersion = 8.3.3;
						DevelopmentTeam = F8GY9XXT4N;
						ProvisioningStyle = Automatic;
						TestTargetID = A57D98621F53BDC5003A9F22;
					};
				};
			};
			buildConfigurationList = A57D985E1F53BDC5003A9F22 /* Build configuration list for PBXProject "FrameConstruction" */;
			compatibilityVersion = "Xcode 3.2";
			developmentRegion = English;
			hasScannedForEncodings = 0;
			knownRegions = (
				en,
				Base,
			);
			mainGroup = A57D985A1F53BDC5003A9F22;
			productRefGroup = A57D98641F53BDC5003A9F22 /* Products */;
			projectDirPath = "";
			projectRoot = "";
			targets = (
				A57D98621F53BDC5003A9F22 /* FrameConstruction */,
				A57D987B1F53BDC5003A9F22 /* FrameConstructionTests */,
				A57D98861F53BDC5003A9F22 /* FrameConstructionUITests */,
			);
		};
/* End PBXProject section */

/* Begin PBXResourcesBuildPhase section */
		A57D98611F53BDC5003A9F22 /* Resources */ = {
			isa = PBXResourcesBuildPhase;
			buildActionMask = 2147483647;
			files = (
				A589E47B1F53E91100C9D04C /* scan@3x.png in Resources */,
				A57D98761F53BDC5003A9F22 /* LaunchScreen.storyboard in Resources */,
				A57D98731F53BDC5003A9F22 /* Assets.xcassets in Resources */,
				A57D98711F53BDC5003A9F22 /* Main.storyboard in Resources */,
				A589E4781F53E91100C9D04C /* scan_1@2x.png in Resources */,
				A589E4791F53E91100C9D04C /* scan_1@3x.png in Resources */,
				A589E47A1F53E91100C9D04C /* scan@2x.png in Resources */,
			);
			runOnlyForDeploymentPostprocessing = 0;
		};
		A57D987A1F53BDC5003A9F22 /* Resources */ = {
			isa = PBXResourcesBuildPhase;
			buildActionMask = 2147483647;
			files = (
			);
			runOnlyForDeploymentPostprocessing = 0;
		};
		A57D98851F53BDC5003A9F22 /* Resources */ = {
			isa = PBXResourcesBuildPhase;
			buildActionMask = 2147483647;
			files = (
			);
			runOnlyForDeploymentPostprocessing = 0;
		};
/* End PBXResourcesBuildPhase section */

/* Begin PBXShellScriptBuildPhase section */
		5E3901EB79B2D5D6A95C07A8 /* [CP] Check Pods Manifest.lock */ = {
			isa = PBXShellScriptBuildPhase;
			buildActionMask = 2147483647;
			files = (
			);
			inputPaths = (
			);
			name = "[CP] Check Pods Manifest.lock";
			outputPaths = (
			);
			runOnlyForDeploymentPostprocessing = 0;
			shellPath = /bin/sh;
			shellScript = "diff \"${PODS_ROOT}/../Podfile.lock\" \"${PODS_ROOT}/Manifest.lock\" > /dev/null\nif [ $? != 0 ] ; then\n    # print error to STDERR\n    echo \"error: The sandbox is not in sync with the Podfile.lock. Run 'pod install' or update your CocoaPods installation.\" >&2\n    exit 1\nfi\n";
			showEnvVarsInLog = 0;
		};
		C8AF861BC264DBC5E5D86FF3 /* [CP] Copy Pods Resources */ = {
			isa = PBXShellScriptBuildPhase;
			buildActionMask = 2147483647;
			files = (
			);
			inputPaths = (
			);
			name = "[CP] Copy Pods Resources";
			outputPaths = (
			);
			runOnlyForDeploymentPostprocessing = 0;
			shellPath = /bin/sh;
			shellScript = "\"${SRCROOT}/Pods/Target Support Files/Pods-FrameConstruction/Pods-FrameConstruction-resources.sh\"\n";
			showEnvVarsInLog = 0;
		};
		F24001E338C7A4B9D775A1FB /* [CP] Embed Pods Frameworks */ = {
			isa = PBXShellScriptBuildPhase;
			buildActionMask = 2147483647;
			files = (
			);
			inputPaths = (
			);
			name = "[CP] Embed Pods Frameworks";
			outputPaths = (
			);
			runOnlyForDeploymentPostprocessing = 0;
			shellPath = /bin/sh;
			shellScript = "\"${SRCROOT}/Pods/Target Support Files/Pods-FrameConstruction/Pods-FrameConstruction-frameworks.sh\"\n";
			showEnvVarsInLog = 0;
		};
/* End PBXShellScriptBuildPhase section */

/* Begin PBXSourcesBuildPhase section */
		A57D985F1F53BDC5003A9F22 /* Sources */ = {
			isa = PBXSourcesBuildPhase;
			buildActionMask = 2147483647;
			files = (
				A5F2EB331F53F3B800E534E4 /* HomepageViewController.m in Sources */,
				A589E47C1F53E91100C9D04C /* ZHScanView.m in Sources */,
				A5F2EB361F53F3C100E534E4 /* MineViewController.m in Sources */,
				A589E4711F53E5E500C9D04C /* MainTabbarViewController.m in Sources */,
				A57D986B1F53BDC5003A9F22 /* AppDelegate.m in Sources */,
				A589E4821F53F14700C9D04C /* ScanViewController.m in Sources */,
				A57D98681F53BDC5003A9F22 /* main.m in Sources */,
				A513E7581F540D1100FD79A7 /* AppDelegate+Setting.m in Sources */,
				A589E47F1F53EC3800C9D04C /* BasicViewController.m in Sources */,
			);
			runOnlyForDeploymentPostprocessing = 0;
		};
		A57D98781F53BDC5003A9F22 /* Sources */ = {
			isa = PBXSourcesBuildPhase;
			buildActionMask = 2147483647;
			files = (
				A57D98811F53BDC5003A9F22 /* FrameConstructionTests.m in Sources */,
			);
			runOnlyForDeploymentPostprocessing = 0;
		};
		A57D98831F53BDC5003A9F22 /* Sources */ = {
			isa = PBXSourcesBuildPhase;
			buildActionMask = 2147483647;
			files = (
				A57D988C1F53BDC5003A9F22 /* FrameConstructionUITests.m in Sources */,
			);
			runOnlyForDeploymentPostprocessing = 0;
		};
/* End PBXSourcesBuildPhase section */

/* Begin PBXTargetDependency section */
		A57D987E1F53BDC5003A9F22 /* PBXTargetDependency */ = {
			isa = PBXTargetDependency;
			target = A57D98621F53BDC5003A9F22 /* FrameConstruction */;
			targetProxy = A57D987D1F53BDC5003A9F22 /* PBXContainerItemProxy */;
		};
		A57D98891F53BDC5003A9F22 /* PBXTargetDependency */ = {
			isa = PBXTargetDependency;
			target = A57D98621F53BDC5003A9F22 /* FrameConstruction */;
			targetProxy = A57D98881F53BDC5003A9F22 /* PBXContainerItemProxy */;
		};
/* End PBXTargetDependency section */

/* Begin PBXVariantGroup section */
		A57D986F1F53BDC5003A9F22 /* Main.storyboard */ = {
			isa = PBXVariantGroup;
			children = (
				A57D98701F53BDC5003A9F22 /* Base */,
			);
			name = Main.storyboard;
			sourceTree = "<group>";
		};
		A57D98741F53BDC5003A9F22 /* LaunchScreen.storyboard */ = {
			isa = PBXVariantGroup;
			children = (
				A57D98751F53BDC5003A9F22 /* Base */,
			);
			name = LaunchScreen.storyboard;
			sourceTree = "<group>";
		};
/* End PBXVariantGroup section */

/* Begin XCBuildConfiguration section */
		A57D988E1F53BDC5003A9F22 /* Debug */ = {
			isa = XCBuildConfiguration;
			buildSettings = {
				ALWAYS_SEARCH_USER_PATHS = NO;
				CLANG_ANALYZER_NONNULL = YES;
				CLANG_ANALYZER_NUMBER_OBJECT_CONVERSION = YES_AGGRESSIVE;
				CLANG_CXX_LANGUAGE_STANDARD = "gnu++0x";
				CLANG_CXX_LIBRARY = "libc++";
				CLANG_ENABLE_MODULES = YES;
				CLANG_ENABLE_OBJC_ARC = YES;
				CLANG_WARN_BOOL_CONVERSION = YES;
				CLANG_WARN_CONSTANT_CONVERSION = YES;
				CLANG_WARN_DIRECT_OBJC_ISA_USAGE = YES_ERROR;
				CLANG_WARN_DOCUMENTATION_COMMENTS = YES;
				CLANG_WARN_EMPTY_BODY = YES;
				CLANG_WARN_ENUM_CONVERSION = YES;
				CLANG_WARN_INFINITE_RECURSION = YES;
				CLANG_WARN_INT_CONVERSION = YES;
				CLANG_WARN_OBJC_ROOT_CLASS = YES_ERROR;
				CLANG_WARN_SUSPICIOUS_MOVE = YES;
				CLANG_WARN_UNREACHABLE_CODE = YES;
				CLANG_WARN__DUPLICATE_METHOD_MATCH = YES;
				"CODE_SIGN_IDENTITY[sdk=iphoneos*]" = "iPhone Developer";
				COPY_PHASE_STRIP = NO;
				DEBUG_INFORMATION_FORMAT = dwarf;
				ENABLE_STRICT_OBJC_MSGSEND = YES;
				ENABLE_TESTABILITY = YES;
				GCC_C_LANGUAGE_STANDARD = gnu99;
				GCC_DYNAMIC_NO_PIC = NO;
				GCC_NO_COMMON_BLOCKS = YES;
				GCC_OPTIMIZATION_LEVEL = 0;
				GCC_PREPROCESSOR_DEFINITIONS = (
					"DEBUG=1",
					"$(inherited)",
				);
				GCC_WARN_64_TO_32_BIT_CONVERSION = YES;
				GCC_WARN_ABOUT_RETURN_TYPE = YES_ERROR;
				GCC_WARN_UNDECLARED_SELECTOR = YES;
				GCC_WARN_UNINITIALIZED_AUTOS = YES_AGGRESSIVE;
				GCC_WARN_UNUSED_FUNCTION = YES;
				GCC_WARN_UNUSED_VARIABLE = YES;
				IPHONEOS_DEPLOYMENT_TARGET = 10.3;
				MTL_ENABLE_DEBUG_INFO = YES;
				ONLY_ACTIVE_ARCH = YES;
				SDKROOT = iphoneos;
			};
			name = Debug;
		};
		A57D988F1F53BDC5003A9F22 /* Release */ = {
			isa = XCBuildConfiguration;
			buildSettings = {
				ALWAYS_SEARCH_USER_PATHS = NO;
				CLANG_ANALYZER_NONNULL = YES;
				CLANG_ANALYZER_NUMBER_OBJECT_CONVERSION = YES_AGGRESSIVE;
				CLANG_CXX_LANGUAGE_STANDARD = "gnu++0x";
				CLANG_CXX_LIBRARY = "libc++";
				CLANG_ENABLE_MODULES = YES;
				CLANG_ENABLE_OBJC_ARC = YES;
				CLANG_WARN_BOOL_CONVERSION = YES;
				CLANG_WARN_CONSTANT_CONVERSION = YES;
				CLANG_WARN_DIRECT_OBJC_ISA_USAGE = YES_ERROR;
				CLANG_WARN_DOCUMENTATION_COMMENTS = YES;
				CLANG_WARN_EMPTY_BODY = YES;
				CLANG_WARN_ENUM_CONVERSION = YES;
				CLANG_WARN_INFINITE_RECURSION = YES;
				CLANG_WARN_INT_CONVERSION = YES;
				CLANG_WARN_OBJC_ROOT_CLASS = YES_ERROR;
				CLANG_WARN_SUSPICIOUS_MOVE = YES;
				CLANG_WARN_UNREACHABLE_CODE = YES;
				CLANG_WARN__DUPLICATE_METHOD_MATCH = YES;
				"CODE_SIGN_IDENTITY[sdk=iphoneos*]" = "iPhone Developer";
				COPY_PHASE_STRIP = NO;
				DEBUG_INFORMATION_FORMAT = "dwarf-with-dsym";
				ENABLE_NS_ASSERTIONS = NO;
				ENABLE_STRICT_OBJC_MSGSEND = YES;
				GCC_C_LANGUAGE_STANDARD = gnu99;
				GCC_NO_COMMON_BLOCKS = YES;
				GCC_WARN_64_TO_32_BIT_CONVERSION = YES;
				GCC_WARN_ABOUT_RETURN_TYPE = YES_ERROR;
				GCC_WARN_UNDECLARED_SELECTOR = YES;
				GCC_WARN_UNINITIALIZED_AUTOS = YES_AGGRESSIVE;
				GCC_WARN_UNUSED_FUNCTION = YES;
				GCC_WARN_UNUSED_VARIABLE = YES;
				IPHONEOS_DEPLOYMENT_TARGET = 10.3;
				MTL_ENABLE_DEBUG_INFO = NO;
				SDKROOT = iphoneos;
				VALIDATE_PRODUCT = YES;
			};
			name = Release;
		};
		A57D98911F53BDC5003A9F22 /* Debug */ = {
			isa = XCBuildConfiguration;
			baseConfigurationReference = E5FE1CC4298DA285D86E19A1 /* Pods-FrameConstruction.debug.xcconfig */;
			buildSettings = {
				ASSETCATALOG_COMPILER_APPICON_NAME = AppIcon;
				CODE_SIGN_IDENTITY = "iPhone Developer: 俊虎 薄 (662S6B5LGB)";
				"CODE_SIGN_IDENTITY[sdk=iphoneos*]" = "iPhone Developer";
				DEVELOPMENT_TEAM = F8GY9XXT4N;
				INFOPLIST_FILE = FrameConstruction/Info.plist;
				LD_RUNPATH_SEARCH_PATHS = "$(inherited) @executable_path/Frameworks";
				PRODUCT_BUNDLE_IDENTIFIER = com.test.bill;
				PRODUCT_NAME = "$(TARGET_NAME)";
				PROVISIONING_PROFILE = "";
				PROVISIONING_PROFILE_SPECIFIER = "";
			};
			name = Debug;
		};
		A57D98921F53BDC5003A9F22 /* Release */ = {
			isa = XCBuildConfiguration;
			baseConfigurationReference = F65FBF5C9C7D9C80A65BB87D /* Pods-FrameConstruction.release.xcconfig */;
			buildSettings = {
				ASSETCATALOG_COMPILER_APPICON_NAME = AppIcon;
				CODE_SIGN_IDENTITY = "iPhone Distribution";
				"CODE_SIGN_IDENTITY[sdk=iphoneos*]" = "iPhone Developer";
				DEVELOPMENT_TEAM = F8GY9XXT4N;
				INFOPLIST_FILE = FrameConstruction/Info.plist;
				LD_RUNPATH_SEARCH_PATHS = "$(inherited) @executable_path/Frameworks";
				PRODUCT_BUNDLE_IDENTIFIER = com.test.bill;
				PRODUCT_NAME = "$(TARGET_NAME)";
				PROVISIONING_PROFILE_SPECIFIER = "";
			};
			name = Release;
		};
		A57D98941F53BDC5003A9F22 /* Debug */ = {
			isa = XCBuildConfiguration;
			buildSettings = {
				BUNDLE_LOADER = "$(TEST_HOST)";
				DEVELOPMENT_TEAM = F8GY9XXT4N;
				INFOPLIST_FILE = FrameConstructionTests/Info.plist;
				LD_RUNPATH_SEARCH_PATHS = "$(inherited) @executable_path/Frameworks @loader_path/Frameworks";
				PRODUCT_BUNDLE_IDENTIFIER = com.bill.FrameConstructionTests;
				PRODUCT_NAME = "$(TARGET_NAME)";
				TEST_HOST = "$(BUILT_PRODUCTS_DIR)/FrameConstruction.app/FrameConstruction";
			};
			name = Debug;
		};
		A57D98951F53BDC5003A9F22 /* Release */ = {
			isa = XCBuildConfiguration;
			buildSettings = {
				BUNDLE_LOADER = "$(TEST_HOST)";
				DEVELOPMENT_TEAM = F8GY9XXT4N;
				INFOPLIST_FILE = FrameConstructionTests/Info.plist;
				LD_RUNPATH_SEARCH_PATHS = "$(inherited) @executable_path/Frameworks @loader_path/Frameworks";
				PRODUCT_BUNDLE_IDENTIFIER = com.bill.FrameConstructionTests;
				PRODUCT_NAME = "$(TARGET_NAME)";
				TEST_HOST = "$(BUILT_PRODUCTS_DIR)/FrameConstruction.app/FrameConstruction";
			};
			name = Release;
		};
		A57D98971F53BDC5003A9F22 /* Debug */ = {
			isa = XCBuildConfiguration;
			buildSettings = {
				DEVELOPMENT_TEAM = F8GY9XXT4N;
				INFOPLIST_FILE = FrameConstructionUITests/Info.plist;
				LD_RUNPATH_SEARCH_PATHS = "$(inherited) @executable_path/Frameworks @loader_path/Frameworks";
				PRODUCT_BUNDLE_IDENTIFIER = com.bill.FrameConstructionUITests;
				PRODUCT_NAME = "$(TARGET_NAME)";
				TEST_TARGET_NAME = FrameConstruction;
			};
			name = Debug;
		};
		A57D98981F53BDC5003A9F22 /* Release */ = {
			isa = XCBuildConfiguration;
			buildSettings = {
				DEVELOPMENT_TEAM = F8GY9XXT4N;
				INFOPLIST_FILE = FrameConstructionUITests/Info.plist;
				LD_RUNPATH_SEARCH_PATHS = "$(inherited) @executable_path/Frameworks @loader_path/Frameworks";
				PRODUCT_BUNDLE_IDENTIFIER = com.bill.FrameConstructionUITests;
				PRODUCT_NAME = "$(TARGET_NAME)";
				TEST_TARGET_NAME = FrameConstruction;
			};
			name = Release;
		};
/* End XCBuildConfiguration section */

/* Begin XCConfigurationList section */
		A57D985E1F53BDC5003A9F22 /* Build configuration list for PBXProject "FrameConstruction" */ = {
			isa = XCConfigurationList;
			buildConfigurations = (
				A57D988E1F53BDC5003A9F22 /* Debug */,
				A57D988F1F53BDC5003A9F22 /* Release */,
			);
			defaultConfigurationIsVisible = 0;
			defaultConfigurationName = Release;
		};
		A57D98901F53BDC5003A9F22 /* Build configuration list for PBXNativeTarget "FrameConstruction" */ = {
			isa = XCConfigurationList;
			buildConfigurations = (
				A57D98911F53BDC5003A9F22 /* Debug */,
				A57D98921F53BDC5003A9F22 /* Release */,
			);
			defaultConfigurationIsVisible = 0;
			defaultConfigurationName = Release;
		};
		A57D98931F53BDC5003A9F22 /* Build configuration list for PBXNativeTarget "FrameConstructionTests" */ = {
			isa = XCConfigurationList;
			buildConfigurations = (
				A57D98941F53BDC5003A9F22 /* Debug */,
				A57D98951F53BDC5003A9F22 /* Release */,
			);
			defaultConfigurationIsVisible = 0;
			defaultConfigurationName = Release;
		};
		A57D98961F53BDC5003A9F22 /* Build configuration list for PBXNativeTarget "FrameConstructionUITests" */ = {
			isa = XCConfigurationList;
			buildConfigurations = (
				A57D98971F53BDC5003A9F22 /* Debug */,
				A57D98981F53BDC5003A9F22 /* Release */,
			);
			defaultConfigurationIsVisible = 0;
			defaultConfigurationName = Release;
		};
/* End XCConfigurationList section */
	};
	rootObject = A57D985B1F53BDC5003A9F22 /* Project object */;
}
